
Microsoft Visual Studio Solution File, Format Version 12.00
# Visual Studio Version 17
VisualStudioVersion = 17.3.32929.385
MinimumVisualStudioVersion = 10.0.40219.1
Project("{9A19103F-16F7-4668-BE54-9A1E7A4F7556}") = "DistanceTask", "DistanceTask.csproj", "{07A6807D-79A6-40C2-BD60-9A1F6F6473AA}"
EndProject
Global
	GlobalSection(SolutionConfigurationPlatforms) = preSolution
		Debug|Any CPU = Debug|Any CPU
		Release|Any CPU = Release|Any CPU
	EndGlobalSection
	GlobalSection(ProjectConfigurationPlatforms) = postSolution
		{07A6807D-79A6-40C2-BD60-9A1F6F6473AA}.Debug|Any CPU.ActiveCfg = Debug|Any CPU
		{07A6807D-79A6-40C2-BD60-9A1F6F6473AA}.Debug|Any CPU.Build.0 = Debug|Any CPU
		{07A6807D-79A6-40C2-BD60-9A1F6F6473AA}.Release|Any CPU.ActiveCfg = Release|Any CPU
		{07A6807D-79A6-40C2-BD60-9A1F6F6473AA}.Release|Any CPU.Build.0 = Release|Any CPU
	EndGlobalSection
	GlobalSection(SolutionProperties) = preSolution
		HideSolutionNode = FALSE
	EndGlobalSection
	GlobalSection(ExtensibilityGlobals) = postSolution
		SolutionGuid = {4592078B-1EE7-46F9-941C-9114BE194098}
	EndGlobalSection
EndGlobal
